
Microsoft Visual Studio Solution File, Format Version 12.00
# Visual Studio Version 17
VisualStudioVersion = 17.10.35013.160
MinimumVisualStudioVersion = 10.0.40219.1
Project("{FAE04EC0-301F-11D3-BF4B-00C04F79EFBC}") = "ProductDemo", "ProductDemo\ProductDemo.csproj", "{7DB4922B-593D-419D-8217-86318799F43C}"
EndProject
Global
	GlobalSection(SolutionConfigurationPlatforms) = preSolution
		Debug|Any CPU = Debug|Any CPU
		Release|Any CPU = Release|Any CPU
	EndGlobalSection
	GlobalSection(ProjectConfigurationPlatforms) = postSolution
		{7DB4922B-593D-419D-8217-86318799F43C}.Debug|Any CPU.ActiveCfg = Debug|Any CPU
		{7DB4922B-593D-419D-8217-86318799F43C}.Debug|Any CPU.Build.0 = Debug|Any CPU
		{7DB4922B-593D-419D-8217-86318799F43C}.Release|Any CPU.ActiveCfg = Release|Any CPU
		{7DB4922B-593D-419D-8217-86318799F43C}.Release|Any CPU.Build.0 = Release|Any CPU
	EndGlobalSection
	GlobalSection(SolutionProperties) = preSolution
		HideSolutionNode = FALSE
	EndGlobalSection
	GlobalSection(ExtensibilityGlobals) = postSolution
		SolutionGuid = {9438AC14-D005-4208-8AF2-F76227AABA30}
	EndGlobalSection
EndGlobal
